
Microsoft Visual Studio Solution File, Format Version 12.00
# Visual Studio Version 16
VisualStudioVersion = 16.0.30225.117
MinimumVisualStudioVersion = 10.0.40219.1
Project("{FAE04EC0-301F-11D3-BF4B-00C04F79EFBC}") = "Snake", "Snake.csproj", "{88EEE9A9-6D46-4D19-8B6A-FA2F94982144}"
EndProject
Global
	GlobalSection(SolutionConfigurationPlatforms) = preSolution
		Debug|Any CPU = Debug|Any CPU
		Release|Any CPU = Release|Any CPU
	EndGlobalSection
	GlobalSection(ProjectConfigurationPlatforms) = postSolution
		{88EEE9A9-6D46-4D19-8B6A-FA2F94982144}.Debug|Any CPU.ActiveCfg = Debug|Any CPU
		{88EEE9A9-6D46-4D19-8B6A-FA2F94982144}.Debug|Any CPU.Build.0 = Debug|Any CPU
		{88EEE9A9-6D46-4D19-8B6A-FA2F94982144}.Release|Any CPU.ActiveCfg = Release|Any CPU
		{88EEE9A9-6D46-4D19-8B6A-FA2F94982144}.Release|Any CPU.Build.0 = Release|Any CPU
	EndGlobalSection
	GlobalSection(SolutionProperties) = preSolution
		HideSolutionNode = FALSE
	EndGlobalSection
	GlobalSection(ExtensibilityGlobals) = postSolution
		SolutionGuid = {C347C790-EF54-48F6-B1FA-20919498E4F5}
	EndGlobalSection
EndGlobal
